
Microsoft Visual Studio Solution File, Format Version 12.00
# Visual Studio Version 17
VisualStudioVersion = 17.14.36310.24
MinimumVisualStudioVersion = 10.0.40219.1
Project("{FAE04EC0-301F-11D3-BF4B-00C04F79EFBC}") = "PageFlip", ".\PageFlip\PageFlip.csproj", "{5D20147C-703A-F525-9EAE-B4024CBDCB5D}"
EndProject
Project("{FAE04EC0-301F-11D3-BF4B-00C04F79EFBC}") = "PageFlip.Desktop", ".\PageFlip.Desktop\PageFlip.Desktop.csproj", "{34C8CFB4-4C6C-F159-4192-0459FA2B880C}"
EndProject
Global
	GlobalSection(SolutionConfigurationPlatforms) = preSolution
		Debug|Any CPU = Debug|Any CPU
		Release|Any CPU = Release|Any CPU
	EndGlobalSection
	GlobalSection(ProjectConfigurationPlatforms) = postSolution
		{5D20147C-703A-F525-9EAE-B4024CBDCB5D}.Debug|Any CPU.ActiveCfg = Debug|Any CPU
		{5D20147C-703A-F525-9EAE-B4024CBDCB5D}.Debug|Any CPU.Build.0 = Debug|Any CPU
		{5D20147C-703A-F525-9EAE-B4024CBDCB5D}.Release|Any CPU.ActiveCfg = Release|Any CPU
		{5D20147C-703A-F525-9EAE-B4024CBDCB5D}.Release|Any CPU.Build.0 = Release|Any CPU
		{34C8CFB4-4C6C-F159-4192-0459FA2B880C}.Debug|Any CPU.ActiveCfg = Debug|Any CPU
		{34C8CFB4-4C6C-F159-4192-0459FA2B880C}.Debug|Any CPU.Build.0 = Debug|Any CPU
		{34C8CFB4-4C6C-F159-4192-0459FA2B880C}.Release|Any CPU.ActiveCfg = Release|Any CPU
		{34C8CFB4-4C6C-F159-4192-0459FA2B880C}.Release|Any CPU.Build.0 = Release|Any CPU
	EndGlobalSection
	GlobalSection(SolutionProperties) = preSolution
		HideSolutionNode = FALSE
	EndGlobalSection
	GlobalSection(ExtensibilityGlobals) = postSolution
		SolutionGuid = {FBBEDED4-551B-4AF8-BD7E-142D0EC7C1D5}
	EndGlobalSection
EndGlobal
